
Microsoft Visual Studio Solution File, Format Version 12.00
# Visual Studio Version 17
VisualStudioVersion = 17.6.33829.357
MinimumVisualStudioVersion = 10.0.40219.1
Project("{FAE04EC0-301F-11D3-BF4B-00C04F79EFBC}") = "Lecture10", "Lecture10.csproj", "{AA00DBBD-3864-457F-B150-6A0D00153898}"
EndProject
Global
	GlobalSection(SolutionConfigurationPlatforms) = preSolution
		Debug|Any CPU = Debug|Any CPU
		Release|Any CPU = Release|Any CPU
	EndGlobalSection
	GlobalSection(ProjectConfigurationPlatforms) = postSolution
		{AA00DBBD-3864-457F-B150-6A0D00153898}.Debug|Any CPU.ActiveCfg = Debug|Any CPU
		{AA00DBBD-3864-457F-B150-6A0D00153898}.Debug|Any CPU.Build.0 = Debug|Any CPU
		{AA00DBBD-3864-457F-B150-6A0D00153898}.Release|Any CPU.ActiveCfg = Release|Any CPU
		{AA00DBBD-3864-457F-B150-6A0D00153898}.Release|Any CPU.Build.0 = Release|Any CPU
	EndGlobalSection
	GlobalSection(SolutionProperties) = preSolution
		HideSolutionNode = FALSE
	EndGlobalSection
	GlobalSection(ExtensibilityGlobals) = postSolution
		SolutionGuid = {6A0B67E2-5867-498F-8743-DF31033D35FA}
	EndGlobalSection
EndGlobal
